
Microsoft Visual Studio Solution File, Format Version 12.00
# Visual Studio Version 17
VisualStudioVersion = 17.1.32414.318
MinimumVisualStudioVersion = 10.0.40219.1
Project("{FAE04EC0-301F-11D3-BF4B-00C04F79EFBC}") = "Segundo", "Segundo.csproj", "{92C1628B-9B35-4834-BF16-28DFC81379E0}"
EndProject
Global
	GlobalSection(SolutionConfigurationPlatforms) = preSolution
		Debug|Any CPU = Debug|Any CPU
		Release|Any CPU = Release|Any CPU
	EndGlobalSection
	GlobalSection(ProjectConfigurationPlatforms) = postSolution
		{92C1628B-9B35-4834-BF16-28DFC81379E0}.Debug|Any CPU.ActiveCfg = Debug|Any CPU
		{92C1628B-9B35-4834-BF16-28DFC81379E0}.Debug|Any CPU.Build.0 = Debug|Any CPU
		{92C1628B-9B35-4834-BF16-28DFC81379E0}.Release|Any CPU.ActiveCfg = Release|Any CPU
		{92C1628B-9B35-4834-BF16-28DFC81379E0}.Release|Any CPU.Build.0 = Release|Any CPU
	EndGlobalSection
	GlobalSection(SolutionProperties) = preSolution
		HideSolutionNode = FALSE
	EndGlobalSection
	GlobalSection(ExtensibilityGlobals) = postSolution
		SolutionGuid = {781DA75C-1083-4628-9C52-8C16B1652331}
	EndGlobalSection
EndGlobal
